{
    "_meta": {
        "hash": {
            "sha256": "748e520b2448414b7be932bdec1fdbc47e4b1331b59cad80ab0ecb376c036064"
        },
        "pipfile-spec": 6,
        "requires": {
            "python_version": "3.8"
        },
        "sources": [
            {
                "name": "pypi",
                "url": "https://pypi.python.org/simple",
                "verify_ssl": true
            }
        ]
    },
    "default": {
        "certifi": {
            "hashes": [
                "sha256:0d9c601124e5a6ba9712dbc60d9c53c21e34f5f641fe83002317394311bdce14",
                "sha256:90c1a32f1d68f940488354e36370f6cca89f0f106db09518524c88d6ed83f382"
            ],
            "index": "pypi",
            "version": "==2022.9.24"
        }
    },
    "develop": {}
}
